
Microsoft Visual Studio Solution File, Format Version 12.00
# Visual Studio Version 16
VisualStudioVersion = 16.0.29006.145
MinimumVisualStudioVersion = 10.0.40219.1
Project("{9A19103F-16F7-4668-BE54-9A1E7A4F7556}") = "Infrastructure", "Infrastructure\Infrastructure.csproj", "{9287109B-4C28-4A6F-A398-A3DDC7964EBD}"
EndProject
Project("{FAE04EC0-301F-11D3-BF4B-00C04F79EFBC}") = "Utils", "Utils\Utils.csproj", "{EB892E09-E8DE-4BC3-844E-5DA2A68D5E8E}"
EndProject
Project("{FAE04EC0-301F-11D3-BF4B-00C04F79EFBC}") = "ConsoleApp.Badoo", "ConsoleApp.Badoo\ConsoleApp.Badoo.csproj", "{0B53680B-51FB-4BE4-852C-5099E5E3DCCF}"
EndProject
Project("{FAE04EC0-301F-11D3-BF4B-00C04F79EFBC}") = "Localization", "Localization\Localization.csproj", "{E632524A-594B-4C7B-9DBE-DA1D6D537A53}"
EndProject
Global
	GlobalSection(SolutionConfigurationPlatforms) = preSolution
		Debug|Any CPU = Debug|Any CPU
		Release|Any CPU = Release|Any CPU
	EndGlobalSection
	GlobalSection(ProjectConfigurationPlatforms) = postSolution
		{9287109B-4C28-4A6F-A398-A3DDC7964EBD}.Debug|Any CPU.ActiveCfg = Debug|Any CPU
		{9287109B-4C28-4A6F-A398-A3DDC7964EBD}.Debug|Any CPU.Build.0 = Debug|Any CPU
		{9287109B-4C28-4A6F-A398-A3DDC7964EBD}.Release|Any CPU.ActiveCfg = Release|Any CPU
		{9287109B-4C28-4A6F-A398-A3DDC7964EBD}.Release|Any CPU.Build.0 = Release|Any CPU
		{EB892E09-E8DE-4BC3-844E-5DA2A68D5E8E}.Debug|Any CPU.ActiveCfg = Debug|Any CPU
		{EB892E09-E8DE-4BC3-844E-5DA2A68D5E8E}.Debug|Any CPU.Build.0 = Debug|Any CPU
		{EB892E09-E8DE-4BC3-844E-5DA2A68D5E8E}.Release|Any CPU.ActiveCfg = Release|Any CPU
		{EB892E09-E8DE-4BC3-844E-5DA2A68D5E8E}.Release|Any CPU.Build.0 = Release|Any CPU
		{0B53680B-51FB-4BE4-852C-5099E5E3DCCF}.Debug|Any CPU.ActiveCfg = Debug|Any CPU
		{0B53680B-51FB-4BE4-852C-5099E5E3DCCF}.Debug|Any CPU.Build.0 = Debug|Any CPU
		{0B53680B-51FB-4BE4-852C-5099E5E3DCCF}.Release|Any CPU.ActiveCfg = Release|Any CPU
		{0B53680B-51FB-4BE4-852C-5099E5E3DCCF}.Release|Any CPU.Build.0 = Release|Any CPU
		{E632524A-594B-4C7B-9DBE-DA1D6D537A53}.Debug|Any CPU.ActiveCfg = Debug|Any CPU
		{E632524A-594B-4C7B-9DBE-DA1D6D537A53}.Debug|Any CPU.Build.0 = Debug|Any CPU
		{E632524A-594B-4C7B-9DBE-DA1D6D537A53}.Release|Any CPU.ActiveCfg = Release|Any CPU
		{E632524A-594B-4C7B-9DBE-DA1D6D537A53}.Release|Any CPU.Build.0 = Release|Any CPU
	EndGlobalSection
	GlobalSection(SolutionProperties) = preSolution
		HideSolutionNode = FALSE
	EndGlobalSection
	GlobalSection(ExtensibilityGlobals) = postSolution
		SolutionGuid = {3D15CE93-B32C-4934-9EC1-457F32AE85AC}
	EndGlobalSection
EndGlobal
